
Microsoft Visual Studio Solution File, Format Version 12.00
# Visual Studio Version 16
VisualStudioVersion = 16.0.30611.23
MinimumVisualStudioVersion = 10.0.40219.1
Project("{FAE04EC0-301F-11D3-BF4B-00C04F79EFBC}") = "Sokoban", "Sokoban.csproj", "{8764C454-C2C0-4B67-AA39-F59FA47DB545}"
EndProject
Global
	GlobalSection(SolutionConfigurationPlatforms) = preSolution
		Debug|Any CPU = Debug|Any CPU
		Release|Any CPU = Release|Any CPU
	EndGlobalSection
	GlobalSection(ProjectConfigurationPlatforms) = postSolution
		{8764C454-C2C0-4B67-AA39-F59FA47DB545}.Debug|Any CPU.ActiveCfg = Debug|Any CPU
		{8764C454-C2C0-4B67-AA39-F59FA47DB545}.Debug|Any CPU.Build.0 = Debug|Any CPU
		{8764C454-C2C0-4B67-AA39-F59FA47DB545}.Release|Any CPU.ActiveCfg = Release|Any CPU
		{8764C454-C2C0-4B67-AA39-F59FA47DB545}.Release|Any CPU.Build.0 = Release|Any CPU
	EndGlobalSection
	GlobalSection(SolutionProperties) = preSolution
		HideSolutionNode = FALSE
	EndGlobalSection
	GlobalSection(ExtensibilityGlobals) = postSolution
		SolutionGuid = {FCB68B4E-CF57-40BC-AFE2-789816D8F711}
	EndGlobalSection
EndGlobal
